// !$*UTF8*$!
{
	archiveVersion = 1;
	classes = {
	};
	objectVersion = 46;
	objects = {
/* Begin PBXBuildFile section */
		0207DA581B56EA530066E2B4 /* Images.xcassets in Resources */ = {isa = PBXBuildFile; fileRef = 0207DA571B56EA530066E2B4 /* Images.xcassets */; };
		1D3623260D0F684500981E51 /* AppDelegate.m in Sources */ = {isa = PBXBuildFile; fileRef = 1D3623250D0F684500981E51 /* AppDelegate.m */; };
		1D60589B0D05DD56006BFB54 /* main.m in Sources */ = {isa = PBXBuildFile; fileRef = 29B97316FDCFA39411CA2CEA /* main.m */; };
		301BF552109A68D80062928A /* libCordova.a in Frameworks */ = {isa = PBXBuildFile; fileRef = 301BF535109A57CC0062928A /* libCordova.a */; };
		302D95F114D2391D003F00A1 /* MainViewController.m in Sources */ = {isa = PBXBuildFile; fileRef = 302D95EF14D2391D003F00A1 /* MainViewController.m */; };
		302D95F214D2391D003F00A1 /* MainViewController.xib in Resources */ = {isa = PBXBuildFile; fileRef = 302D95F014D2391D003F00A1 /* MainViewController.xib */; };
		3047A5121AB8059700498E2A /* build-debug.xcconfig in Resources */ = {isa = PBXBuildFile; fileRef = 3047A50F1AB8059700498E2A /* build-debug.xcconfig */; };
		3047A5131AB8059700498E2A /* build-release.xcconfig in Resources */ = {isa = PBXBuildFile; fileRef = 3047A5101AB8059700498E2A /* build-release.xcconfig */; };
		3047A5141AB8059700498E2A /* build.xcconfig in Resources */ = {isa = PBXBuildFile; fileRef = 3047A5111AB8059700498E2A /* build.xcconfig */; };
		2ECDE08D069A4CB9BBD240E2 /* CDVLogger.m in Sources */ = {isa = PBXBuildFile; fileRef = C2C6C8B8ECB148B790930CFB /* CDVLogger.m */; };
		08EC6304A0484B49814C53A4 /* CDVDevice.m in Sources */ = {isa = PBXBuildFile; fileRef = AFC53A9D8FE24BC797F11C53 /* CDVDevice.m */; };
		337AC13E66DA4CBBB13303DA /* CDVSplashScreen.m in Sources */ = {isa = PBXBuildFile; fileRef = BD7FD932BC244862ACEAB8A2 /* CDVSplashScreen.m */; };
		BA1DC4762D0E433EA8E4CE66 /* CDVViewController+SplashScreen.m in Sources */ = {isa = PBXBuildFile; fileRef = 9151E458591D41F78D12F7A1 /* CDVViewController+SplashScreen.m */; };
		F7196329E199417C86518C6B /* CDVStatusBar.m in Sources */ = {isa = PBXBuildFile; fileRef = 7AFC5B39BFCF476C9E84AB3C /* CDVStatusBar.m */; };
		65D2CA3495274130B0F2740C /* IonicKeyboard.m in Sources */ = {isa = PBXBuildFile; fileRef = F708CAE707AC471C95B2992E /* IonicKeyboard.m */; };
		F1F8C7DCC28D491DBFF0CA9F /* CDVInAppBrowser.m in Sources */ = {isa = PBXBuildFile; fileRef = C08DA43851E542FE90057912 /* CDVInAppBrowser.m */; };
		F73A3CFCD98542EC89DDC533 /* TwitterConnect.m in Sources */ = {isa = PBXBuildFile; fileRef = B5523333A3354F97A4C3B0AE /* TwitterConnect.m */; };
		5ADBA3F9355C424FAB090F89 /* TwitterKitResources.bundle in Resources */ = {isa = PBXBuildFile; fileRef = A6B244476E094775BB7B2BA9 /* TwitterKitResources.bundle */; };
		8CC3EFC7D728411B982EB9D5 /* Fabric.framework in Frameworks */ = {isa = PBXBuildFile; fileRef = 9F526E83E79140F7A94087C1 /* Fabric.framework */; };
		35B5A51F5BF84D92976FC48F /* TwitterKit.framework in Frameworks */ = {isa = PBXBuildFile; fileRef = 3C48E2C6AEC646C18B844356 /* TwitterKit.framework */; };
		D5995275FA094C5CBE7B5C28 /* TwitterCore.framework in Frameworks */ = {isa = PBXBuildFile; fileRef = 4CD3589D54104FB99F47DE6C /* TwitterCore.framework */; };
		ACB07107CBB545479FB7B3E4 /* CoreText.framework in Frameworks */ = {isa = PBXBuildFile; fileRef = EBB4481CABE14F6E88183820 /* CoreText.framework */; };
		9D0C1616B50341018B67668A /* AddressBook.framework in Frameworks */ = {isa = PBXBuildFile; fileRef = 705E22B8B9944AF8B5E58722 /* AddressBook.framework */; };
		224CCBCA1BEE4B6EB53D2387 /* QuartzCore.framework in Frameworks */ = {isa = PBXBuildFile; fileRef = 53216F8E4525406281C12EFD /* QuartzCore.framework */; };
		4C1B2DB1252A4CAAA2EDDFA6 /* Security.framework in Frameworks */ = {isa = PBXBuildFile; fileRef = 9CD674E77DB645719C391DCC /* Security.framework */; };
		B7225E1E0B2349298BAD97FE /* Accounts.framework in Frameworks */ = {isa = PBXBuildFile; fileRef = E1EDE2DB4FE544769FE18F4C /* Accounts.framework */; };
		C33DF44F48CA49958A6EA5B0 /* Social.framework in Frameworks */ = {isa = PBXBuildFile; fileRef = 0938D0D826DF417CA08D62CD /* Social.framework */; };
		9622CC785CB14C1B9E9DEA8B /* CoreData.framework in Frameworks */ = {isa = PBXBuildFile; fileRef = 7089E67EC98B43B6ADBE1A1F /* CoreData.framework */; };
		1597E590B57C400D93EE6033 /* CDVFile.m in Sources */ = {isa = PBXBuildFile; fileRef = E7F643913775469CB66B1753 /* CDVFile.m */; };
		58C8BE330B204E0AB61E3678 /* CDVLocalFilesystem.m in Sources */ = {isa = PBXBuildFile; fileRef = 0B7CAE834BAF442B8E2466B0 /* CDVLocalFilesystem.m */; };
		EEBF9EE080D046EA859A4A00 /* CDVAssetLibraryFilesystem.m in Sources */ = {isa = PBXBuildFile; fileRef = 820E79F309864DA1943CA4D3 /* CDVAssetLibraryFilesystem.m */; };
		B5B5E4D210BF4BBF8C94B16C /* CDVLocationManager.m in Sources */ = {isa = PBXBuildFile; fileRef = 8D342B0FACE247D497A33F68 /* CDVLocationManager.m */; };
		82EF80A82BFE4F61A08B7B59 /* AppDelegate+CDVLocationManager.m in Sources */ = {isa = PBXBuildFile; fileRef = 934A6318F6BB42E9B6832EB8 /* AppDelegate+CDVLocationManager.m */; };
		2620364D60CB493EA4696228 /* LMLogger.m in Sources */ = {isa = PBXBuildFile; fileRef = B6E362BB1B254A01A85BBC60 /* LMLogger.m */; };
		957A3FFA4DEB4B91BDE3126C /* CoreBluetooth.framework in Frameworks */ = {isa = PBXBuildFile; fileRef = F342A0E6E3C445228869C8F0 /* CoreBluetooth.framework */; };
		A43C9CA8AEBC40BA8F0CE0B5 /* CoreLocation.framework in Frameworks */ = {isa = PBXBuildFile; fileRef = 4B56F0143B834FA5BEF288D1 /* CoreLocation.framework */; };
/* End PBXBuildFile section */

/* Begin PBXContainerItemProxy section */
		301BF534109A57CC0062928A /* PBXContainerItemProxy */ = {
			isa = PBXContainerItemProxy;
			containerPortal = 301BF52D109A57CC0062928A /* CordovaLib.xcodeproj */;
			proxyType = 2;
			remoteGlobalIDString = D2AAC07E0554694100DB518D;
			remoteInfo = CordovaLib;
		};
		301BF550109A68C00062928A /* PBXContainerItemProxy */ = {
			isa = PBXContainerItemProxy;
			containerPortal = 301BF52D109A57CC0062928A /* CordovaLib.xcodeproj */;
			proxyType = 1;
			remoteGlobalIDString = D2AAC07D0554694100DB518D;
			remoteInfo = CordovaLib;
		};
/* End PBXContainerItemProxy section */

/* Begin PBXFileReference section */
		0207DA571B56EA530066E2B4 /* Images.xcassets */ = {isa = PBXFileReference; lastKnownFileType = folder.assetcatalog; name = Images.xcassets; path = "V2 Test/Images.xcassets"; sourceTree = SOURCE_ROOT; };
		1D3623240D0F684500981E51 /* AppDelegate.h */ = {isa = PBXFileReference; fileEncoding = 4; lastKnownFileType = sourcecode.c.h; path = AppDelegate.h; sourceTree = "<group>"; };
		1D3623250D0F684500981E51 /* AppDelegate.m */ = {isa = PBXFileReference; fileEncoding = 4; lastKnownFileType = sourcecode.c.objc; path = AppDelegate.m; sourceTree = "<group>"; };
		1D6058910D05DD3D006BFB54 /* V2 Test.app */ = {isa = PBXFileReference; explicitFileType = wrapper.application; includeInIndex = 0; path = "V2 Test.app"; sourceTree = BUILT_PRODUCTS_DIR; };
		29B97316FDCFA39411CA2CEA /* main.m */ = {isa = PBXFileReference; fileEncoding = 4; lastKnownFileType = sourcecode.c.objc; path = main.m; sourceTree = "<group>"; };
		301BF52D109A57CC0062928A /* CordovaLib.xcodeproj */ = {isa = PBXFileReference; lastKnownFileType = "wrapper.pb-project"; name = CordovaLib.xcodeproj; path = CordovaLib/CordovaLib.xcodeproj; sourceTree = "<group>"; };
		301BF56E109A69640062928A /* www */ = {isa = PBXFileReference; lastKnownFileType = folder; path = www; sourceTree = SOURCE_ROOT; };
		302D95EE14D2391D003F00A1 /* MainViewController.h */ = {isa = PBXFileReference; fileEncoding = 4; lastKnownFileType = sourcecode.c.h; path = MainViewController.h; sourceTree = "<group>"; };
		302D95EF14D2391D003F00A1 /* MainViewController.m */ = {isa = PBXFileReference; fileEncoding = 4; lastKnownFileType = sourcecode.c.objc; path = MainViewController.m; sourceTree = "<group>"; };
		302D95F014D2391D003F00A1 /* MainViewController.xib */ = {isa = PBXFileReference; fileEncoding = 4; lastKnownFileType = file.xib; path = MainViewController.xib; sourceTree = "<group>"; };
		3047A50F1AB8059700498E2A /* build-debug.xcconfig */ = {isa = PBXFileReference; fileEncoding = 4; lastKnownFileType = text.xcconfig; name = "build-debug.xcconfig"; path = cordova/build-debug.xcconfig; sourceTree = SOURCE_ROOT; };
		3047A5101AB8059700498E2A /* build-release.xcconfig */ = {isa = PBXFileReference; fileEncoding = 4; lastKnownFileType = text.xcconfig; name = "build-release.xcconfig"; path = cordova/build-release.xcconfig; sourceTree = SOURCE_ROOT; };
		3047A5111AB8059700498E2A /* build.xcconfig */ = {isa = PBXFileReference; fileEncoding = 4; lastKnownFileType = text.xcconfig; name = build.xcconfig; path = cordova/build.xcconfig; sourceTree = SOURCE_ROOT; };
		32CA4F630368D1EE00C91783 /* V2 Test-Prefix.pch */ = {isa = PBXFileReference; fileEncoding = 4; lastKnownFileType = sourcecode.c.h; path = "V2 Test-Prefix.pch"; sourceTree = "<group>"; };
		8D1107310486CEB800E47090 /* V2 Test-Info.plist */ = {isa = PBXFileReference; fileEncoding = 4; lastKnownFileType = text.plist.xml; name = "V2 Test-Info.plist"; path = "V2 Test/V2 Test-Info.plist"; plistStructureDefinitionIdentifier = "com.apple.xcode.plist.structure-definition.iphone.info-plist"; sourceTree = SOURCE_ROOT; };
		EB87FDF31871DA8E0020F90C /* www */ = {isa = PBXFileReference; lastKnownFileType = folder; name = www; path = ../../www; sourceTree = "<group>"; };
		EB87FDF41871DAF40020F90C /* config.xml */ = {isa = PBXFileReference; lastKnownFileType = text.xml; name = config.xml; path = ../../config.xml; sourceTree = "<group>"; };
		F840E1F0165FE0F500CFE078 /* config.xml */ = {isa = PBXFileReference; lastKnownFileType = text.xml; name = config.xml; path = "V2 Test/config.xml"; sourceTree = "<group>"; };
		ED33DF2A687741AEAF9F8254 /* Bridging-Header.h */ = {isa = PBXFileReference; fileEncoding = 4; lastKnownFileType = sourcecode.c.h; name = "Bridging-Header.h"; path = "Bridging-Header.h"; sourceTree = "<group>"; };
		C2C6C8B8ECB148B790930CFB /* CDVLogger.m */ = {isa = PBXFileReference; name = "CDVLogger.m"; path = "cordova-plugin-console/CDVLogger.m"; sourceTree = "<group>"; fileEncoding = 4; lastKnownFileType = sourcecode.c.objc; explicitFileType = undefined; includeInIndex = 0; };
		A83BD758D6484286907A1318 /* CDVLogger.h */ = {isa = PBXFileReference; name = "CDVLogger.h"; path = "cordova-plugin-console/CDVLogger.h"; sourceTree = "<group>"; fileEncoding = 4; lastKnownFileType = sourcecode.c.h; explicitFileType = undefined; includeInIndex = 0; };
		AFC53A9D8FE24BC797F11C53 /* CDVDevice.m */ = {isa = PBXFileReference; name = "CDVDevice.m"; path = "cordova-plugin-device/CDVDevice.m"; sourceTree = "<group>"; fileEncoding = 4; lastKnownFileType = sourcecode.c.objc; explicitFileType = undefined; includeInIndex = 0; };
		1598AA1D8F89459B841A1A70 /* CDVDevice.h */ = {isa = PBXFileReference; name = "CDVDevice.h"; path = "cordova-plugin-device/CDVDevice.h"; sourceTree = "<group>"; fileEncoding = 4; lastKnownFileType = sourcecode.c.h; explicitFileType = undefined; includeInIndex = 0; };
		BD7FD932BC244862ACEAB8A2 /* CDVSplashScreen.m */ = {isa = PBXFileReference; name = "CDVSplashScreen.m"; path = "cordova-plugin-splashscreen/CDVSplashScreen.m"; sourceTree = "<group>"; fileEncoding = 4; lastKnownFileType = sourcecode.c.objc; explicitFileType = undefined; includeInIndex = 0; };
		9151E458591D41F78D12F7A1 /* CDVViewController+SplashScreen.m */ = {isa = PBXFileReference; name = "CDVViewController+SplashScreen.m"; path = "cordova-plugin-splashscreen/CDVViewController+SplashScreen.m"; sourceTree = "<group>"; fileEncoding = 4; lastKnownFileType = sourcecode.c.objc; explicitFileType = undefined; includeInIndex = 0; };
		69E2F19659F7408FBE104E43 /* CDVSplashScreen.h */ = {isa = PBXFileReference; name = "CDVSplashScreen.h"; path = "cordova-plugin-splashscreen/CDVSplashScreen.h"; sourceTree = "<group>"; fileEncoding = 4; lastKnownFileType = sourcecode.c.h; explicitFileType = undefined; includeInIndex = 0; };
		83EED9F0B8974648ACF4348D /* CDVViewController+SplashScreen.h */ = {isa = PBXFileReference; name = "CDVViewController+SplashScreen.h"; path = "cordova-plugin-splashscreen/CDVViewController+SplashScreen.h"; sourceTree = "<group>"; fileEncoding = 4; lastKnownFileType = sourcecode.c.h; explicitFileType = undefined; includeInIndex = 0; };
		7AFC5B39BFCF476C9E84AB3C /* CDVStatusBar.m */ = {isa = PBXFileReference; name = "CDVStatusBar.m"; path = "cordova-plugin-statusbar/CDVStatusBar.m"; sourceTree = "<group>"; fileEncoding = 4; lastKnownFileType = sourcecode.c.objc; explicitFileType = undefined; includeInIndex = 0; };
		E77D24AB1A37406D8932B39C /* CDVStatusBar.h */ = {isa = PBXFileReference; name = "CDVStatusBar.h"; path = "cordova-plugin-statusbar/CDVStatusBar.h"; sourceTree = "<group>"; fileEncoding = 4; lastKnownFileType = sourcecode.c.h; explicitFileType = undefined; includeInIndex = 0; };
		F708CAE707AC471C95B2992E /* IonicKeyboard.m */ = {isa = PBXFileReference; name = "IonicKeyboard.m"; path = "ionic-plugin-keyboard/IonicKeyboard.m"; sourceTree = "<group>"; fileEncoding = 4; lastKnownFileType = sourcecode.c.objc; explicitFileType = undefined; includeInIndex = 0; };
		47A7A6FD9ED54E3BB6DC7A79 /* IonicKeyboard.h */ = {isa = PBXFileReference; name = "IonicKeyboard.h"; path = "ionic-plugin-keyboard/IonicKeyboard.h"; sourceTree = "<group>"; fileEncoding = 4; lastKnownFileType = sourcecode.c.h; explicitFileType = undefined; includeInIndex = 0; };
		C08DA43851E542FE90057912 /* CDVInAppBrowser.m */ = {isa = PBXFileReference; name = "CDVInAppBrowser.m"; path = "cordova-plugin-inappbrowser/CDVInAppBrowser.m"; sourceTree = "<group>"; fileEncoding = 4; lastKnownFileType = sourcecode.c.objc; explicitFileType = undefined; includeInIndex = 0; };
		00EE681A14CB408181356579 /* CDVInAppBrowser.h */ = {isa = PBXFileReference; name = "CDVInAppBrowser.h"; path = "cordova-plugin-inappbrowser/CDVInAppBrowser.h"; sourceTree = "<group>"; fileEncoding = 4; lastKnownFileType = sourcecode.c.h; explicitFileType = undefined; includeInIndex = 0; };
		B5523333A3354F97A4C3B0AE /* TwitterConnect.m */ = {isa = PBXFileReference; name = "TwitterConnect.m"; path = "twitter-connect-plugin/TwitterConnect.m"; sourceTree = "<group>"; fileEncoding = 4; lastKnownFileType = sourcecode.c.objc; explicitFileType = undefined; includeInIndex = 0; };
		96544253B1E84EF285674336 /* TwitterConnect.h */ = {isa = PBXFileReference; name = "TwitterConnect.h"; path = "twitter-connect-plugin/TwitterConnect.h"; sourceTree = "<group>"; fileEncoding = 4; lastKnownFileType = sourcecode.c.h; explicitFileType = undefined; includeInIndex = 0; };
		A6B244476E094775BB7B2BA9 /* TwitterKitResources.bundle */ = {isa = PBXFileReference; name = "TwitterKitResources.bundle"; path = "TwitterKitResources.bundle"; sourceTree = "<group>"; fileEncoding = undefined; lastKnownFileType = wrapper.plug-in; explicitFileType = undefined; includeInIndex = 0; };
		9F526E83E79140F7A94087C1 /* Fabric.framework */ = {isa = PBXFileReference; name = "Fabric.framework"; path = "V2 Test/Plugins/twitter-connect-plugin/Fabric.framework"; sourceTree = "<group>"; fileEncoding = undefined; lastKnownFileType = wrapper.framework; explicitFileType = undefined; includeInIndex = 0; };
		3C48E2C6AEC646C18B844356 /* TwitterKit.framework */ = {isa = PBXFileReference; name = "TwitterKit.framework"; path = "V2 Test/Plugins/twitter-connect-plugin/TwitterKit.framework"; sourceTree = "<group>"; fileEncoding = undefined; lastKnownFileType = wrapper.framework; explicitFileType = undefined; includeInIndex = 0; };
		4CD3589D54104FB99F47DE6C /* TwitterCore.framework */ = {isa = PBXFileReference; name = "TwitterCore.framework"; path = "V2 Test/Plugins/twitter-connect-plugin/TwitterCore.framework"; sourceTree = "<group>"; fileEncoding = undefined; lastKnownFileType = wrapper.framework; explicitFileType = undefined; includeInIndex = 0; };
		EBB4481CABE14F6E88183820 /* CoreText.framework */ = {isa = PBXFileReference; name = "CoreText.framework"; path = "System/Library/Frameworks/CoreText.framework"; sourceTree = SDKROOT; fileEncoding = undefined; lastKnownFileType = wrapper.framework; explicitFileType = undefined; includeInIndex = 0; };
		705E22B8B9944AF8B5E58722 /* AddressBook.framework */ = {isa = PBXFileReference; name = "AddressBook.framework"; path = "System/Library/Frameworks/AddressBook.framework"; sourceTree = SDKROOT; fileEncoding = undefined; lastKnownFileType = wrapper.framework; explicitFileType = undefined; includeInIndex = 0; };
		53216F8E4525406281C12EFD /* QuartzCore.framework */ = {isa = PBXFileReference; name = "QuartzCore.framework"; path = "System/Library/Frameworks/QuartzCore.framework"; sourceTree = SDKROOT; fileEncoding = undefined; lastKnownFileType = wrapper.framework; explicitFileType = undefined; includeInIndex = 0; };
		9CD674E77DB645719C391DCC /* Security.framework */ = {isa = PBXFileReference; name = "Security.framework"; path = "System/Library/Frameworks/Security.framework"; sourceTree = SDKROOT; fileEncoding = undefined; lastKnownFileType = wrapper.framework; explicitFileType = undefined; includeInIndex = 0; };
		E1EDE2DB4FE544769FE18F4C /* Accounts.framework */ = {isa = PBXFileReference; name = "Accounts.framework"; path = "System/Library/Frameworks/Accounts.framework"; sourceTree = SDKROOT; fileEncoding = undefined; lastKnownFileType = wrapper.framework; explicitFileType = undefined; includeInIndex = 0; };
		0938D0D826DF417CA08D62CD /* Social.framework */ = {isa = PBXFileReference; name = "Social.framework"; path = "System/Library/Frameworks/Social.framework"; sourceTree = SDKROOT; fileEncoding = undefined; lastKnownFileType = wrapper.framework; explicitFileType = undefined; includeInIndex = 0; };
		7089E67EC98B43B6ADBE1A1F /* CoreData.framework */ = {isa = PBXFileReference; name = "CoreData.framework"; path = "System/Library/Frameworks/CoreData.framework"; sourceTree = SDKROOT; fileEncoding = undefined; lastKnownFileType = wrapper.framework; explicitFileType = undefined; includeInIndex = 0; };
		E7F643913775469CB66B1753 /* CDVFile.m */ = {isa = PBXFileReference; name = "CDVFile.m"; path = "cordova-plugin-file/CDVFile.m"; sourceTree = "<group>"; fileEncoding = 4; lastKnownFileType = sourcecode.c.objc; explicitFileType = undefined; includeInIndex = 0; };
		0B7CAE834BAF442B8E2466B0 /* CDVLocalFilesystem.m */ = {isa = PBXFileReference; name = "CDVLocalFilesystem.m"; path = "cordova-plugin-file/CDVLocalFilesystem.m"; sourceTree = "<group>"; fileEncoding = 4; lastKnownFileType = sourcecode.c.objc; explicitFileType = undefined; includeInIndex = 0; };
		820E79F309864DA1943CA4D3 /* CDVAssetLibraryFilesystem.m */ = {isa = PBXFileReference; name = "CDVAssetLibraryFilesystem.m"; path = "cordova-plugin-file/CDVAssetLibraryFilesystem.m"; sourceTree = "<group>"; fileEncoding = 4; lastKnownFileType = sourcecode.c.objc; explicitFileType = undefined; includeInIndex = 0; };
		CC7BFC0AD41244129F1C9070 /* CDVFile.h */ = {isa = PBXFileReference; name = "CDVFile.h"; path = "cordova-plugin-file/CDVFile.h"; sourceTree = "<group>"; fileEncoding = 4; lastKnownFileType = sourcecode.c.h; explicitFileType = undefined; includeInIndex = 0; };
		CA3260D959204C5C866E81EA /* CDVLocalFilesystem.h */ = {isa = PBXFileReference; name = "CDVLocalFilesystem.h"; path = "cordova-plugin-file/CDVLocalFilesystem.h"; sourceTree = "<group>"; fileEncoding = 4; lastKnownFileType = sourcecode.c.h; explicitFileType = undefined; includeInIndex = 0; };
		77634655509F4923A728A016 /* CDVAssetLibraryFilesystem.h */ = {isa = PBXFileReference; name = "CDVAssetLibraryFilesystem.h"; path = "cordova-plugin-file/CDVAssetLibraryFilesystem.h"; sourceTree = "<group>"; fileEncoding = 4; lastKnownFileType = sourcecode.c.h; explicitFileType = undefined; includeInIndex = 0; };
		8D342B0FACE247D497A33F68 /* CDVLocationManager.m */ = {isa = PBXFileReference; name = "CDVLocationManager.m"; path = "com.unarin.cordova.beacon/CDVLocationManager.m"; sourceTree = "<group>"; fileEncoding = 4; lastKnownFileType = sourcecode.c.objc; explicitFileType = undefined; includeInIndex = 0; };
		934A6318F6BB42E9B6832EB8 /* AppDelegate+CDVLocationManager.m */ = {isa = PBXFileReference; name = "AppDelegate+CDVLocationManager.m"; path = "com.unarin.cordova.beacon/AppDelegate+CDVLocationManager.m"; sourceTree = "<group>"; fileEncoding = 4; lastKnownFileType = sourcecode.c.objc; explicitFileType = undefined; includeInIndex = 0; };
		B6E362BB1B254A01A85BBC60 /* LMLogger.m */ = {isa = PBXFileReference; name = "LMLogger.m"; path = "com.unarin.cordova.beacon/LMLogger.m"; sourceTree = "<group>"; fileEncoding = 4; lastKnownFileType = sourcecode.c.objc; explicitFileType = undefined; includeInIndex = 0; };
		48ECA0F8C2474B1CAB77DA4D /* CDVLocationManager.h */ = {isa = PBXFileReference; name = "CDVLocationManager.h"; path = "com.unarin.cordova.beacon/CDVLocationManager.h"; sourceTree = "<group>"; fileEncoding = 4; lastKnownFileType = sourcecode.c.h; explicitFileType = undefined; includeInIndex = 0; };
		22DCF16F35F444CA88BD5F87 /* AppDelegate+CDVLocationManager.h */ = {isa = PBXFileReference; name = "AppDelegate+CDVLocationManager.h"; path = "com.unarin.cordova.beacon/AppDelegate+CDVLocationManager.h"; sourceTree = "<group>"; fileEncoding = 4; lastKnownFileType = sourcecode.c.h; explicitFileType = undefined; includeInIndex = 0; };
		880500A3A20E427AA4C2A8A2 /* LMLogger.h */ = {isa = PBXFileReference; name = "LMLogger.h"; path = "com.unarin.cordova.beacon/LMLogger.h"; sourceTree = "<group>"; fileEncoding = 4; lastKnownFileType = sourcecode.c.h; explicitFileType = undefined; includeInIndex = 0; };
		F342A0E6E3C445228869C8F0 /* CoreBluetooth.framework */ = {isa = PBXFileReference; name = "CoreBluetooth.framework"; path = "System/Library/Frameworks/CoreBluetooth.framework"; sourceTree = SDKROOT; fileEncoding = undefined; lastKnownFileType = wrapper.framework; explicitFileType = undefined; includeInIndex = 0; };
		4B56F0143B834FA5BEF288D1 /* CoreLocation.framework */ = {isa = PBXFileReference; name = "CoreLocation.framework"; path = "System/Library/Frameworks/CoreLocation.framework"; sourceTree = SDKROOT; fileEncoding = undefined; lastKnownFileType = wrapper.framework; explicitFileType = undefined; includeInIndex = 0; };
/* End PBXFileReference section */

/* Begin PBXFrameworksBuildPhase section */
		1D60588F0D05DD3D006BFB54 /* Frameworks */ = {
			isa = PBXFrameworksBuildPhase;
			buildActionMask = 2147483647;
			files = (
				301BF552109A68D80062928A /* libCordova.a in Frameworks */,
				8CC3EFC7D728411B982EB9D5 /* Fabric.framework in Frameworks */,
				35B5A51F5BF84D92976FC48F /* TwitterKit.framework in Frameworks */,
				D5995275FA094C5CBE7B5C28 /* TwitterCore.framework in Frameworks */,
				ACB07107CBB545479FB7B3E4 /* CoreText.framework in Frameworks */,
				9D0C1616B50341018B67668A /* AddressBook.framework in Frameworks */,
				224CCBCA1BEE4B6EB53D2387 /* QuartzCore.framework in Frameworks */,
				4C1B2DB1252A4CAAA2EDDFA6 /* Security.framework in Frameworks */,
				B7225E1E0B2349298BAD97FE /* Accounts.framework in Frameworks */,
				C33DF44F48CA49958A6EA5B0 /* Social.framework in Frameworks */,
				9622CC785CB14C1B9E9DEA8B /* CoreData.framework in Frameworks */,
				957A3FFA4DEB4B91BDE3126C /* CoreBluetooth.framework in Frameworks */,
				A43C9CA8AEBC40BA8F0CE0B5 /* CoreLocation.framework in Frameworks */,
			);
			runOnlyForDeploymentPostprocessing = 0;
		};
/* End PBXFrameworksBuildPhase section */

/* Begin PBXGroup section */
		080E96DDFE201D6D7F000001 /* Classes */ = {
			isa = PBXGroup;
			children = (
				302D95EE14D2391D003F00A1 /* MainViewController.h */,
				302D95EF14D2391D003F00A1 /* MainViewController.m */,
				302D95F014D2391D003F00A1 /* MainViewController.xib */,
				1D3623240D0F684500981E51 /* AppDelegate.h */,
				1D3623250D0F684500981E51 /* AppDelegate.m */,
			);
			name = Classes;
			path = "V2 Test/Classes";
			sourceTree = SOURCE_ROOT;
		};
		19C28FACFE9D520D11CA2CBB /* Products */ = {
			isa = PBXGroup;
			children = (
				1D6058910D05DD3D006BFB54 /* V2 Test.app */,
			);
			name = Products;
			sourceTree = "<group>";
		};
		29B97314FDCFA39411CA2CEA /* CustomTemplate */ = {
			isa = PBXGroup;
			children = (
				EB87FDF41871DAF40020F90C /* config.xml */,
				EB87FDF31871DA8E0020F90C /* www */,
				EB87FDF11871DA420020F90C /* Staging */,
				301BF52D109A57CC0062928A /* CordovaLib.xcodeproj */,
				080E96DDFE201D6D7F000001 /* Classes */,
				307C750510C5A3420062BCA9 /* Plugins */,
				29B97315FDCFA39411CA2CEA /* Other Sources */,
				29B97317FDCFA39411CA2CEA /* Resources */,
				29B97323FDCFA39411CA2CEA /* Frameworks */,
				19C28FACFE9D520D11CA2CBB /* Products */,
			);
			name = CustomTemplate;
			sourceTree = "<group>";
		};
		29B97315FDCFA39411CA2CEA /* Other Sources */ = {
			isa = PBXGroup;
			children = (
				32CA4F630368D1EE00C91783 /* V2 Test-Prefix.pch */,
				29B97316FDCFA39411CA2CEA /* main.m */,
				ED33DF2A687741AEAF9F8254 /* Bridging-Header.h */,
			);
			name = "Other Sources";
			path = "V2 Test";
			sourceTree = "<group>";
		};
		29B97317FDCFA39411CA2CEA /* Resources */ = {
			isa = PBXGroup;
			children = (
				0207DA571B56EA530066E2B4 /* Images.xcassets */,
				3047A50E1AB8057F00498E2A /* config */,
				8D1107310486CEB800E47090 /* V2 Test-Info.plist */,
				A6B244476E094775BB7B2BA9 /* TwitterKitResources.bundle */,
			);
			name = Resources;
			path = "V2 Test/Resources";
			sourceTree = "<group>";
		};
		29B97323FDCFA39411CA2CEA /* Frameworks */ = {
			isa = PBXGroup;
			children = (
				9F526E83E79140F7A94087C1 /* Fabric.framework */,
				3C48E2C6AEC646C18B844356 /* TwitterKit.framework */,
				4CD3589D54104FB99F47DE6C /* TwitterCore.framework */,
				EBB4481CABE14F6E88183820 /* CoreText.framework */,
				705E22B8B9944AF8B5E58722 /* AddressBook.framework */,
				53216F8E4525406281C12EFD /* QuartzCore.framework */,
				9CD674E77DB645719C391DCC /* Security.framework */,
				E1EDE2DB4FE544769FE18F4C /* Accounts.framework */,
				0938D0D826DF417CA08D62CD /* Social.framework */,
				7089E67EC98B43B6ADBE1A1F /* CoreData.framework */,
				F342A0E6E3C445228869C8F0 /* CoreBluetooth.framework */,
				4B56F0143B834FA5BEF288D1 /* CoreLocation.framework */,
			);
			name = Frameworks;
			sourceTree = "<group>";
		};
		301BF52E109A57CC0062928A /* Products */ = {
			isa = PBXGroup;
			children = (
				301BF535109A57CC0062928A /* libCordova.a */,
			);
			name = Products;
			sourceTree = "<group>";
		};
		3047A50E1AB8057F00498E2A /* config */ = {
			isa = PBXGroup;
			children = (
				3047A50F1AB8059700498E2A /* build-debug.xcconfig */,
				3047A5101AB8059700498E2A /* build-release.xcconfig */,
				3047A5111AB8059700498E2A /* build.xcconfig */,
			);
			name = config;
			sourceTree = "<group>";
		};
		307C750510C5A3420062BCA9 /* Plugins */ = {
			isa = PBXGroup;
			children = (
				C2C6C8B8ECB148B790930CFB /* CDVLogger.m */,
				A83BD758D6484286907A1318 /* CDVLogger.h */,
				AFC53A9D8FE24BC797F11C53 /* CDVDevice.m */,
				1598AA1D8F89459B841A1A70 /* CDVDevice.h */,
				BD7FD932BC244862ACEAB8A2 /* CDVSplashScreen.m */,
				9151E458591D41F78D12F7A1 /* CDVViewController+SplashScreen.m */,
				69E2F19659F7408FBE104E43 /* CDVSplashScreen.h */,
				83EED9F0B8974648ACF4348D /* CDVViewController+SplashScreen.h */,
				7AFC5B39BFCF476C9E84AB3C /* CDVStatusBar.m */,
				E77D24AB1A37406D8932B39C /* CDVStatusBar.h */,
				F708CAE707AC471C95B2992E /* IonicKeyboard.m */,
				47A7A6FD9ED54E3BB6DC7A79 /* IonicKeyboard.h */,
				C08DA43851E542FE90057912 /* CDVInAppBrowser.m */,
				00EE681A14CB408181356579 /* CDVInAppBrowser.h */,
				B5523333A3354F97A4C3B0AE /* TwitterConnect.m */,
				96544253B1E84EF285674336 /* TwitterConnect.h */,
				E7F643913775469CB66B1753 /* CDVFile.m */,
				0B7CAE834BAF442B8E2466B0 /* CDVLocalFilesystem.m */,
				820E79F309864DA1943CA4D3 /* CDVAssetLibraryFilesystem.m */,
				CC7BFC0AD41244129F1C9070 /* CDVFile.h */,
				CA3260D959204C5C866E81EA /* CDVLocalFilesystem.h */,
				77634655509F4923A728A016 /* CDVAssetLibraryFilesystem.h */,
				8D342B0FACE247D497A33F68 /* CDVLocationManager.m */,
				934A6318F6BB42E9B6832EB8 /* AppDelegate+CDVLocationManager.m */,
				B6E362BB1B254A01A85BBC60 /* LMLogger.m */,
				48ECA0F8C2474B1CAB77DA4D /* CDVLocationManager.h */,
				22DCF16F35F444CA88BD5F87 /* AppDelegate+CDVLocationManager.h */,
				880500A3A20E427AA4C2A8A2 /* LMLogger.h */,
			);
			name = Plugins;
			path = "V2 Test/Plugins";
			sourceTree = SOURCE_ROOT;
		};
		EB87FDF11871DA420020F90C /* Staging */ = {
			isa = PBXGroup;
			children = (
				F840E1F0165FE0F500CFE078 /* config.xml */,
				301BF56E109A69640062928A /* www */,
			);
			name = Staging;
			sourceTree = "<group>";
		};
/* End PBXGroup section */

/* Begin PBXNativeTarget section */
		1D6058900D05DD3D006BFB54 /* V2 Test */ = {
			isa = PBXNativeTarget;
			buildConfigurationList = 1D6058960D05DD3E006BFB54 /* Build configuration list for PBXNativeTarget "V2 Test" */;
			buildPhases = (
				304B58A110DAC018002A0835 /* Copy www directory */,
				1D60588D0D05DD3D006BFB54 /* Resources */,
				1D60588E0D05DD3D006BFB54 /* Sources */,
				1D60588F0D05DD3D006BFB54 /* Frameworks */,
			);
			buildRules = (
			);
			dependencies = (
				301BF551109A68C00062928A /* PBXTargetDependency */,
			);
			name = "V2 Test";
			productName = "V2 Test";
			productReference = 1D6058910D05DD3D006BFB54 /* V2 Test.app */;
			productType = "com.apple.product-type.application";
		};
/* End PBXNativeTarget section */

/* Begin PBXProject section */
		29B97313FDCFA39411CA2CEA /* Project object */ = {
			isa = PBXProject;
			attributes = {
				LastUpgradeCheck = 510;
			};
			buildConfigurationList = C01FCF4E08A954540054247B /* Build configuration list for PBXProject "__NON-CLI__" */;
			compatibilityVersion = "Xcode 3.2";
			developmentRegion = English;
			hasScannedForEncodings = 1;
			mainGroup = 29B97314FDCFA39411CA2CEA /* CustomTemplate */;
			projectDirPath = "";
			projectReferences = (
				{
					ProductGroup = 301BF52E109A57CC0062928A /* Products */;
					ProjectRef = 301BF52D109A57CC0062928A /* CordovaLib.xcodeproj */;
				},
			);
			projectRoot = "";
			targets = (
				1D6058900D05DD3D006BFB54 /* V2 Test */,
			);
		};
/* End PBXProject section */

/* Begin PBXReferenceProxy section */
		301BF535109A57CC0062928A /* libCordova.a */ = {
			isa = PBXReferenceProxy;
			fileType = archive.ar;
			path = libCordova.a;
			remoteRef = 301BF534109A57CC0062928A /* PBXContainerItemProxy */;
			sourceTree = BUILT_PRODUCTS_DIR;
		};
/* End PBXReferenceProxy section */

/* Begin PBXResourcesBuildPhase section */
		1D60588D0D05DD3D006BFB54 /* Resources */ = {
			isa = PBXResourcesBuildPhase;
			buildActionMask = 2147483647;
			files = (
				302D95F214D2391D003F00A1 /* MainViewController.xib in Resources */,
				3047A5131AB8059700498E2A /* build-release.xcconfig in Resources */,
				3047A5141AB8059700498E2A /* build.xcconfig in Resources */,
				0207DA581B56EA530066E2B4 /* Images.xcassets in Resources */,
				3047A5121AB8059700498E2A /* build-debug.xcconfig in Resources */,
				5ADBA3F9355C424FAB090F89 /* TwitterKitResources.bundle in Resources */,
			);
			runOnlyForDeploymentPostprocessing = 0;
		};
/* End PBXResourcesBuildPhase section */

/* Begin PBXShellScriptBuildPhase section */
		304B58A110DAC018002A0835 /* Copy www directory */ = {
			isa = PBXShellScriptBuildPhase;
			buildActionMask = 2147483647;
			files = (
			);
			inputPaths = (
			);
			name = "Copy www directory";
			outputPaths = (
			);
			runOnlyForDeploymentPostprocessing = 0;
			shellPath = /bin/sh;
			shellScript = "NODEJS_PATH=/usr/local/bin; NVM_NODE_PATH=~/.nvm/versions/node/`nvm version 2>/dev/null`/bin; N_NODE_PATH=`find /usr/local/n/versions/node/* -maxdepth 0 -type d 2>/dev/null | tail -1`/bin; XCODE_NODE_PATH=`xcode-select --print-path`/usr/share/xcs/Node/bin; PATH=$NODEJS_PATH:$NVM_NODE_PATH:$N_NODE_PATH:$XCODE_NODE_PATH:$PATH && node cordova/lib/copy-www-build-step.js";
			showEnvVarsInLog = 0;
		};
/* End PBXShellScriptBuildPhase section */

/* Begin PBXSourcesBuildPhase section */
		1D60588E0D05DD3D006BFB54 /* Sources */ = {
			isa = PBXSourcesBuildPhase;
			buildActionMask = 2147483647;
			files = (
				1D60589B0D05DD56006BFB54 /* main.m in Sources */,
				1D3623260D0F684500981E51 /* AppDelegate.m in Sources */,
				302D95F114D2391D003F00A1 /* MainViewController.m in Sources */,
				2ECDE08D069A4CB9BBD240E2 /* CDVLogger.m in Sources */,
				08EC6304A0484B49814C53A4 /* CDVDevice.m in Sources */,
				337AC13E66DA4CBBB13303DA /* CDVSplashScreen.m in Sources */,
				BA1DC4762D0E433EA8E4CE66 /* CDVViewController+SplashScreen.m in Sources */,
				F7196329E199417C86518C6B /* CDVStatusBar.m in Sources */,
				65D2CA3495274130B0F2740C /* IonicKeyboard.m in Sources */,
				F1F8C7DCC28D491DBFF0CA9F /* CDVInAppBrowser.m in Sources */,
				F73A3CFCD98542EC89DDC533 /* TwitterConnect.m in Sources */,
				1597E590B57C400D93EE6033 /* CDVFile.m in Sources */,
				58C8BE330B204E0AB61E3678 /* CDVLocalFilesystem.m in Sources */,
				EEBF9EE080D046EA859A4A00 /* CDVAssetLibraryFilesystem.m in Sources */,
				B5B5E4D210BF4BBF8C94B16C /* CDVLocationManager.m in Sources */,
				82EF80A82BFE4F61A08B7B59 /* AppDelegate+CDVLocationManager.m in Sources */,
				2620364D60CB493EA4696228 /* LMLogger.m in Sources */,
			);
			runOnlyForDeploymentPostprocessing = 0;
		};
/* End PBXSourcesBuildPhase section */

/* Begin PBXTargetDependency section */
		301BF551109A68C00062928A /* PBXTargetDependency */ = {
			isa = PBXTargetDependency;
			name = CordovaLib;
			targetProxy = 301BF550109A68C00062928A /* PBXContainerItemProxy */;
		};
/* End PBXTargetDependency section */

/* Begin XCBuildConfiguration section */
		1D6058940D05DD3E006BFB54 /* Debug */ = {
			isa = XCBuildConfiguration;
			baseConfigurationReference = 3047A50F1AB8059700498E2A /* build-debug.xcconfig */;
			buildSettings = {
				ALWAYS_SEARCH_USER_PATHS = NO;
				ASSETCATALOG_COMPILER_APPICON_NAME = AppIcon;
				ASSETCATALOG_COMPILER_LAUNCHIMAGE_NAME = LaunchImage;
				CLANG_ENABLE_MODULES = YES;
				CLANG_ENABLE_OBJC_ARC = YES;
				COPY_PHASE_STRIP = NO;
				GCC_DYNAMIC_NO_PIC = NO;
				GCC_OPTIMIZATION_LEVEL = 0;
				GCC_PRECOMPILE_PREFIX_HEADER = YES;
				GCC_PREFIX_HEADER = "V2 Test/V2 Test-Prefix.pch";
				GCC_THUMB_SUPPORT = NO;
				GCC_VERSION = "";
				INFOPLIST_FILE = "V2 Test/V2 Test-Info.plist";
				LD_RUNPATH_SEARCH_PATHS = "@executable_path/Frameworks";
				PRODUCT_NAME = "V2 Test";
				FRAMEWORK_SEARCH_PATHS = (
					"$(inherited)",
					"\"V2 Test/Plugins/twitter-connect-plugin\"",
					"\"V2 Test/Plugins/twitter-connect-plugin\"",
					"\"V2 Test/Plugins/twitter-connect-plugin\"",
				);
			};
			name = Debug;
		};
		1D6058950D05DD3E006BFB54 /* Release */ = {
			isa = XCBuildConfiguration;
			baseConfigurationReference = 3047A5101AB8059700498E2A /* build-release.xcconfig */;
			buildSettings = {
				ALWAYS_SEARCH_USER_PATHS = NO;
				ASSETCATALOG_COMPILER_APPICON_NAME = AppIcon;
				ASSETCATALOG_COMPILER_LAUNCHIMAGE_NAME = LaunchImage;
				CLANG_ENABLE_MODULES = YES;
				CLANG_ENABLE_OBJC_ARC = YES;
				COPY_PHASE_STRIP = YES;
				GCC_PRECOMPILE_PREFIX_HEADER = YES;
				GCC_PREFIX_HEADER = "V2 Test/V2 Test-Prefix.pch";
				GCC_THUMB_SUPPORT = NO;
				GCC_VERSION = "";
				INFOPLIST_FILE = "V2 Test/V2 Test-Info.plist";
				PRODUCT_NAME = "V2 Test";
				FRAMEWORK_SEARCH_PATHS = (
					"$(inherited)",
					"\"V2 Test/Plugins/twitter-connect-plugin\"",
					"\"V2 Test/Plugins/twitter-connect-plugin\"",
					"\"V2 Test/Plugins/twitter-connect-plugin\"",
				);
			};
			name = Release;
		};
		C01FCF4F08A954540054247B /* Debug */ = {
			isa = XCBuildConfiguration;
			baseConfigurationReference = 3047A5111AB8059700498E2A /* build.xcconfig */;
			buildSettings = {
				CLANG_ENABLE_MODULES = YES;
				CLANG_ENABLE_OBJC_ARC = YES;
				CLANG_WARN_BOOL_CONVERSION = YES;
				CLANG_WARN_CONSTANT_CONVERSION = YES;
				CLANG_WARN_EMPTY_BODY = YES;
				CLANG_WARN_ENUM_CONVERSION = YES;
				CLANG_WARN_INT_CONVERSION = YES;
				CLANG_WARN__DUPLICATE_METHOD_MATCH = YES;
				GCC_C_LANGUAGE_STANDARD = c99;
				GCC_THUMB_SUPPORT = NO;
				GCC_VERSION = "";
				GCC_WARN_ABOUT_RETURN_TYPE = YES;
				GCC_WARN_UNDECLARED_SELECTOR = YES;
				GCC_WARN_UNINITIALIZED_AUTOS = YES;
				GCC_WARN_UNUSED_FUNCTION = YES;
				GCC_WARN_UNUSED_VARIABLE = YES;
				ONLY_ACTIVE_ARCH = YES;
				SDKROOT = iphoneos;
				SKIP_INSTALL = NO;
				PRODUCT_NAME = "V2 Test";
				FRAMEWORK_SEARCH_PATHS = (
					"$(inherited)",
					"\"V2 Test/Plugins/twitter-connect-plugin\"",
					"\"V2 Test/Plugins/twitter-connect-plugin\"",
					"\"V2 Test/Plugins/twitter-connect-plugin\"",
				);
			};
			name = Debug;
		};
		C01FCF5008A954540054247B /* Release */ = {
			isa = XCBuildConfiguration;
			baseConfigurationReference = 3047A5111AB8059700498E2A /* build.xcconfig */;
			buildSettings = {
				CLANG_ENABLE_MODULES = YES;
				CLANG_ENABLE_OBJC_ARC = YES;
				CLANG_WARN_BOOL_CONVERSION = YES;
				CLANG_WARN_CONSTANT_CONVERSION = YES;
				CLANG_WARN_EMPTY_BODY = YES;
				CLANG_WARN_ENUM_CONVERSION = YES;
				CLANG_WARN_INT_CONVERSION = YES;
				CLANG_WARN__DUPLICATE_METHOD_MATCH = YES;
				GCC_C_LANGUAGE_STANDARD = c99;
				GCC_THUMB_SUPPORT = NO;
				GCC_VERSION = "";
				GCC_WARN_ABOUT_RETURN_TYPE = YES;
				GCC_WARN_UNDECLARED_SELECTOR = YES;
				GCC_WARN_UNINITIALIZED_AUTOS = YES;
				GCC_WARN_UNUSED_FUNCTION = YES;
				GCC_WARN_UNUSED_VARIABLE = YES;
				SDKROOT = iphoneos;
				SKIP_INSTALL = NO;
				PRODUCT_NAME = "V2 Test";
				FRAMEWORK_SEARCH_PATHS = (
					"$(inherited)",
					"\"V2 Test/Plugins/twitter-connect-plugin\"",
					"\"V2 Test/Plugins/twitter-connect-plugin\"",
					"\"V2 Test/Plugins/twitter-connect-plugin\"",
				);
			};
			name = Release;
		};
/* End XCBuildConfiguration section */

/* Begin XCConfigurationList section */
		1D6058960D05DD3E006BFB54 /* Build configuration list for PBXNativeTarget "V2 Test" */ = {
			isa = XCConfigurationList;
			buildConfigurations = (
				1D6058940D05DD3E006BFB54 /* Debug */,
				1D6058950D05DD3E006BFB54 /* Release */,
			);
			defaultConfigurationIsVisible = 0;
			defaultConfigurationName = Release;
		};
		C01FCF4E08A954540054247B /* Build configuration list for PBXProject "__NON-CLI__" */ = {
			isa = XCConfigurationList;
			buildConfigurations = (
				C01FCF4F08A954540054247B /* Debug */,
				C01FCF5008A954540054247B /* Release */,
			);
			defaultConfigurationIsVisible = 0;
			defaultConfigurationName = Release;
		};
/* End XCConfigurationList section */
	};
	rootObject = 29B97313FDCFA39411CA2CEA /* Project object */;
}
